// !$*UTF8*$!
{
	archiveVersion = 1;
	classes = {
	};
	objectVersion = 51;
	objects = {

/* Begin PBXBuildFile section */
		9841F6D2263A8644002B9443 /* AppDelegate.m in Sources */ = {isa = PBXBuildFile; fileRef = 9841F6D1263A8644002B9443 /* AppDelegate.m */; };
		9841F6D5263A8644002B9443 /* SceneDelegate.m in Sources */ = {isa = PBXBuildFile; fileRef = 9841F6D4263A8644002B9443 /* SceneDelegate.m */; };
		9841F6D8263A8644002B9443 /* ViewController.m in Sources */ = {isa = PBXBuildFile; fileRef = 9841F6D7263A8644002B9443 /* ViewController.m */; };
		9841F6DB263A8644002B9443 /* Main.storyboard in Resources */ = {isa = PBXBuildFile; fileRef = 9841F6D9263A8644002B9443 /* Main.storyboard */; };
		9841F6DD263A8647002B9443 /* Assets.xcassets in Resources */ = {isa = PBXBuildFile; fileRef = 9841F6DC263A8647002B9443 /* Assets.xcassets */; };
		9841F6E0263A8647002B9443 /* LaunchScreen.storyboard in Resources */ = {isa = PBXBuildFile; fileRef = 9841F6DE263A8647002B9443 /* LaunchScreen.storyboard */; };
		9841F6E3263A8647002B9443 /* main.m in Sources */ = {isa = PBXBuildFile; fileRef = 9841F6E2263A8647002B9443 /* main.m */; };
		9841F6EE263A8728002B9443 /* UdpSocketManager.m in Sources */ = {isa = PBXBuildFile; fileRef = 9841F6ED263A8728002B9443 /* UdpSocketManager.m */; };
		9841F6F8263A8751002B9443 /* BroadcastWork.m in Sources */ = {isa = PBXBuildFile; fileRef = 9841F6F3263A8751002B9443 /* BroadcastWork.m */; };
		9841F6F9263A8751002B9443 /* UnicastWork.m in Sources */ = {isa = PBXBuildFile; fileRef = 9841F6F4263A8751002B9443 /* UnicastWork.m */; };
		9841F6FA263A8751002B9443 /* CastClient.m in Sources */ = {isa = PBXBuildFile; fileRef = 9841F6F6263A8751002B9443 /* CastClient.m */; };
		9841F6FB263A8751002B9443 /* MutlicastWork.m in Sources */ = {isa = PBXBuildFile; fileRef = 9841F6F7263A8751002B9443 /* MutlicastWork.m */; };
		9841F6FF263A875E002B9443 /* GNLocationWork.m in Sources */ = {isa = PBXBuildFile; fileRef = 9841F6FE263A875E002B9443 /* GNLocationWork.m */; };
		9EFF3E75E2E600382E80A8B7 /* Pods_smartConfig.framework in Frameworks */ = {isa = PBXBuildFile; fileRef = 72E1D2F489579E1BE1B8D861 /* Pods_smartConfig.framework */; };
/* End PBXBuildFile section */

/* Begin PBXFileReference section */
		40BCAB1B52129ACE5DAC3ED5 /* Pods-smartConfig.release.xcconfig */ = {isa = PBXFileReference; includeInIndex = 1; lastKnownFileType = text.xcconfig; name = "Pods-smartConfig.release.xcconfig"; path = "Target Support Files/Pods-smartConfig/Pods-smartConfig.release.xcconfig"; sourceTree = "<group>"; };
		72E1D2F489579E1BE1B8D861 /* Pods_smartConfig.framework */ = {isa = PBXFileReference; explicitFileType = wrapper.framework; includeInIndex = 0; path = Pods_smartConfig.framework; sourceTree = BUILT_PRODUCTS_DIR; };
		9841F6CD263A8644002B9443 /* smartConfig.app */ = {isa = PBXFileReference; explicitFileType = wrapper.application; includeInIndex = 0; path = smartConfig.app; sourceTree = BUILT_PRODUCTS_DIR; };
		9841F6D0263A8644002B9443 /* AppDelegate.h */ = {isa = PBXFileReference; lastKnownFileType = sourcecode.c.h; path = AppDelegate.h; sourceTree = "<group>"; };
		9841F6D1263A8644002B9443 /* AppDelegate.m */ = {isa = PBXFileReference; lastKnownFileType = sourcecode.c.objc; path = AppDelegate.m; sourceTree = "<group>"; };
		9841F6D3263A8644002B9443 /* SceneDelegate.h */ = {isa = PBXFileReference; lastKnownFileType = sourcecode.c.h; path = SceneDelegate.h; sourceTree = "<group>"; };
		9841F6D4263A8644002B9443 /* SceneDelegate.m */ = {isa = PBXFileReference; lastKnownFileType = sourcecode.c.objc; path = SceneDelegate.m; sourceTree = "<group>"; };
		9841F6D6263A8644002B9443 /* ViewController.h */ = {isa = PBXFileReference; lastKnownFileType = sourcecode.c.h; path = ViewController.h; sourceTree = "<group>"; };
		9841F6D7263A8644002B9443 /* ViewController.m */ = {isa = PBXFileReference; lastKnownFileType = sourcecode.c.objc; path = ViewController.m; sourceTree = "<group>"; };
		9841F6DA263A8644002B9443 /* Base */ = {isa = PBXFileReference; lastKnownFileType = file.storyboard; name = Base; path = Base.lproj/Main.storyboard; sourceTree = "<group>"; };
		9841F6DC263A8647002B9443 /* Assets.xcassets */ = {isa = PBXFileReference; lastKnownFileType = folder.assetcatalog; path = Assets.xcassets; sourceTree = "<group>"; };
		9841F6DF263A8647002B9443 /* Base */ = {isa = PBXFileReference; lastKnownFileType = file.storyboard; name = Base; path = Base.lproj/LaunchScreen.storyboard; sourceTree = "<group>"; };
		9841F6E1263A8647002B9443 /* Info.plist */ = {isa = PBXFileReference; lastKnownFileType = text.plist.xml; path = Info.plist; sourceTree = "<group>"; };
		9841F6E2263A8647002B9443 /* main.m */ = {isa = PBXFileReference; lastKnownFileType = sourcecode.c.objc; path = main.m; sourceTree = "<group>"; };
		9841F6EC263A8728002B9443 /* UdpSocketManager.h */ = {isa = PBXFileReference; fileEncoding = 4; lastKnownFileType = sourcecode.c.h; path = UdpSocketManager.h; sourceTree = "<group>"; };
		9841F6ED263A8728002B9443 /* UdpSocketManager.m */ = {isa = PBXFileReference; fileEncoding = 4; lastKnownFileType = sourcecode.c.objc; path = UdpSocketManager.m; sourceTree = "<group>"; };
		9841F6F0263A8751002B9443 /* BroadcastWork.h */ = {isa = PBXFileReference; fileEncoding = 4; lastKnownFileType = sourcecode.c.h; path = BroadcastWork.h; sourceTree = "<group>"; };
		9841F6F1263A8751002B9443 /* CastClient.h */ = {isa = PBXFileReference; fileEncoding = 4; lastKnownFileType = sourcecode.c.h; path = CastClient.h; sourceTree = "<group>"; };
		9841F6F2263A8751002B9443 /* UnicastWork.h */ = {isa = PBXFileReference; fileEncoding = 4; lastKnownFileType = sourcecode.c.h; path = UnicastWork.h; sourceTree = "<group>"; };
		9841F6F3263A8751002B9443 /* BroadcastWork.m */ = {isa = PBXFileReference; fileEncoding = 4; lastKnownFileType = sourcecode.c.objc; path = BroadcastWork.m; sourceTree = "<group>"; };
		9841F6F4263A8751002B9443 /* UnicastWork.m */ = {isa = PBXFileReference; fileEncoding = 4; lastKnownFileType = sourcecode.c.objc; path = UnicastWork.m; sourceTree = "<group>"; };
		9841F6F5263A8751002B9443 /* MutlicastWork.h */ = {isa = PBXFileReference; fileEncoding = 4; lastKnownFileType = sourcecode.c.h; path = MutlicastWork.h; sourceTree = "<group>"; };
		9841F6F6263A8751002B9443 /* CastClient.m */ = {isa = PBXFileReference; fileEncoding = 4; lastKnownFileType = sourcecode.c.objc; path = CastClient.m; sourceTree = "<group>"; };
		9841F6F7263A8751002B9443 /* MutlicastWork.m */ = {isa = PBXFileReference; fileEncoding = 4; lastKnownFileType = sourcecode.c.objc; path = MutlicastWork.m; sourceTree = "<group>"; };
		9841F6FD263A875D002B9443 /* GNLocationWork.h */ = {isa = PBXFileReference; fileEncoding = 4; lastKnownFileType = sourcecode.c.h; path = GNLocationWork.h; sourceTree = "<group>"; };
		9841F6FE263A875E002B9443 /* GNLocationWork.m */ = {isa = PBXFileReference; fileEncoding = 4; lastKnownFileType = sourcecode.c.objc; path = GNLocationWork.m; sourceTree = "<group>"; };
		9841F70F263A96D2002B9443 /* smartConfig.entitlements */ = {isa = PBXFileReference; lastKnownFileType = text.plist.entitlements; path = smartConfig.entitlements; sourceTree = "<group>"; };
		B4477273A4E1FD1C8204A2BA /* Pods-smartConfig.debug.xcconfig */ = {isa = PBXFileReference; includeInIndex = 1; lastKnownFileType = text.xcconfig; name = "Pods-smartConfig.debug.xcconfig"; path = "Target Support Files/Pods-smartConfig/Pods-smartConfig.debug.xcconfig"; sourceTree = "<group>"; };
/* End PBXFileReference section */

/* Begin PBXFrameworksBuildPhase section */
		9841F6CA263A8644002B9443 /* Frameworks */ = {
			isa = PBXFrameworksBuildPhase;
			buildActionMask = 2147483647;
			files = (
				9EFF3E75E2E600382E80A8B7 /* Pods_smartConfig.framework in Frameworks */,
			);
			runOnlyForDeploymentPostprocessing = 0;
		};
/* End PBXFrameworksBuildPhase section */

/* Begin PBXGroup section */
		9841F6C4263A8644002B9443 = {
			isa = PBXGroup;
			children = (
				9841F6CF263A8644002B9443 /* smartConfig */,
				9841F6CE263A8644002B9443 /* Products */,
				D4ABD1D94FF5927C4A345FAC /* Pods */,
				DCA77E0FCDD8C3BBD97EE222 /* Frameworks */,
			);
			sourceTree = "<group>";
		};
		9841F6CE263A8644002B9443 /* Products */ = {
			isa = PBXGroup;
			children = (
				9841F6CD263A8644002B9443 /* smartConfig.app */,
			);
			name = Products;
			sourceTree = "<group>";
		};
		9841F6CF263A8644002B9443 /* smartConfig */ = {
			isa = PBXGroup;
			children = (
				9841F70F263A96D2002B9443 /* smartConfig.entitlements */,
				9841F6EB263A86BA002B9443 /* location */,
				9841F6EA263A86A9002B9443 /* castLib */,
				9841F6D0263A8644002B9443 /* AppDelegate.h */,
				9841F6D1263A8644002B9443 /* AppDelegate.m */,
				9841F6D3263A8644002B9443 /* SceneDelegate.h */,
				9841F6D4263A8644002B9443 /* SceneDelegate.m */,
				9841F6D6263A8644002B9443 /* ViewController.h */,
				9841F6D7263A8644002B9443 /* ViewController.m */,
				9841F6D9263A8644002B9443 /* Main.storyboard */,
				9841F6DC263A8647002B9443 /* Assets.xcassets */,
				9841F6DE263A8647002B9443 /* LaunchScreen.storyboard */,
				9841F6E1263A8647002B9443 /* Info.plist */,
				9841F6E2263A8647002B9443 /* main.m */,
			);
			path = smartConfig;
			sourceTree = "<group>";
		};
		9841F6EA263A86A9002B9443 /* castLib */ = {
			isa = PBXGroup;
			children = (
				9841F6F0263A8751002B9443 /* BroadcastWork.h */,
				9841F6F3263A8751002B9443 /* BroadcastWork.m */,
				9841F6F1263A8751002B9443 /* CastClient.h */,
				9841F6F6263A8751002B9443 /* CastClient.m */,
				9841F6F5263A8751002B9443 /* MutlicastWork.h */,
				9841F6F7263A8751002B9443 /* MutlicastWork.m */,
				9841F6F2263A8751002B9443 /* UnicastWork.h */,
				9841F6F4263A8751002B9443 /* UnicastWork.m */,
				9841F6EC263A8728002B9443 /* UdpSocketManager.h */,
				9841F6ED263A8728002B9443 /* UdpSocketManager.m */,
			);
			path = castLib;
			sourceTree = "<group>";
		};
		9841F6EB263A86BA002B9443 /* location */ = {
			isa = PBXGroup;
			children = (
				9841F6FD263A875D002B9443 /* GNLocationWork.h */,
				9841F6FE263A875E002B9443 /* GNLocationWork.m */,
			);
			path = location;
			sourceTree = "<group>";
		};
		D4ABD1D94FF5927C4A345FAC /* Pods */ = {
			isa = PBXGroup;
			children = (
				B4477273A4E1FD1C8204A2BA /* Pods-smartConfig.debug.xcconfig */,
				40BCAB1B52129ACE5DAC3ED5 /* Pods-smartConfig.release.xcconfig */,
			);
			path = Pods;
			sourceTree = "<group>";
		};
		DCA77E0FCDD8C3BBD97EE222 /* Frameworks */ = {
			isa = PBXGroup;
			children = (
				72E1D2F489579E1BE1B8D861 /* Pods_smartConfig.framework */,
			);
			name = Frameworks;
			sourceTree = "<group>";
		};
/* End PBXGroup section */

/* Begin PBXNativeTarget section */
		9841F6CC263A8644002B9443 /* smartConfig */ = {
			isa = PBXNativeTarget;
			buildConfigurationList = 9841F6E6263A8647002B9443 /* Build configuration list for PBXNativeTarget "smartConfig" */;
			buildPhases = (
				1DEE7BC2824FCA36DBDDD971 /* [CP] Check Pods Manifest.lock */,
				9841F6C9263A8644002B9443 /* Sources */,
				9841F6CA263A8644002B9443 /* Frameworks */,
				9841F6CB263A8644002B9443 /* Resources */,
				EFAF7612639A1F006A3AB0F4 /* [CP] Embed Pods Frameworks */,
			);
			buildRules = (
			);
			dependencies = (
			);
			name = smartConfig;
			productName = smartConfig;
			productReference = 9841F6CD263A8644002B9443 /* smartConfig.app */;
			productType = "com.apple.product-type.application";
		};
/* End PBXNativeTarget section */

/* Begin PBXProject section */
		9841F6C5263A8644002B9443 /* Project object */ = {
			isa = PBXProject;
			attributes = {
				LastUpgradeCheck = 1220;
				TargetAttributes = {
					9841F6CC263A8644002B9443 = {
						CreatedOnToolsVersion = 12.2;
					};
				};
			};
			buildConfigurationList = 9841F6C8263A8644002B9443 /* Build configuration list for PBXProject "smartConfig" */;
			compatibilityVersion = "Xcode 9.3";
			developmentRegion = en;
			hasScannedForEncodings = 0;
			knownRegions = (
				en,
				Base,
			);
			mainGroup = 9841F6C4263A8644002B9443;
			productRefGroup = 9841F6CE263A8644002B9443 /* Products */;
			projectDirPath = "";
			projectRoot = "";
			targets = (
				9841F6CC263A8644002B9443 /* smartConfig */,
			);
		};
/* End PBXProject section */

/* Begin PBXResourcesBuildPhase section */
		9841F6CB263A8644002B9443 /* Resources */ = {
			isa = PBXResourcesBuildPhase;
			buildActionMask = 2147483647;
			files = (
				9841F6E0263A8647002B9443 /* LaunchScreen.storyboard in Resources */,
				9841F6DD263A8647002B9443 /* Assets.xcassets in Resources */,
				9841F6DB263A8644002B9443 /* Main.storyboard in Resources */,
			);
			runOnlyForDeploymentPostprocessing = 0;
		};
/* End PBXResourcesBuildPhase section */

/* Begin PBXShellScriptBuildPhase section */
		1DEE7BC2824FCA36DBDDD971 /* [CP] Check Pods Manifest.lock */ = {
			isa = PBXShellScriptBuildPhase;
			buildActionMask = 2147483647;
			files = (
			);
			inputFileListPaths = (
			);
			inputPaths = (
				"${PODS_PODFILE_DIR_PATH}/Podfile.lock",
				"${PODS_ROOT}/Manifest.lock",
			);
			name = "[CP] Check Pods Manifest.lock";
			outputFileListPaths = (
			);
			outputPaths = (
				"$(DERIVED_FILE_DIR)/Pods-smartConfig-checkManifestLockResult.txt",
			);
			runOnlyForDeploymentPostprocessing = 0;
			shellPath = /bin/sh;
			shellScript = "diff \"${PODS_PODFILE_DIR_PATH}/Podfile.lock\" \"${PODS_ROOT}/Manifest.lock\" > /dev/null\nif [ $? != 0 ] ; then\n    # print error to STDERR\n    echo \"error: The sandbox is not in sync with the Podfile.lock. Run 'pod install' or update your CocoaPods installation.\" >&2\n    exit 1\nfi\n# This output is used by Xcode 'outputs' to avoid re-running this script phase.\necho \"SUCCESS\" > \"${SCRIPT_OUTPUT_FILE_0}\"\n";
			showEnvVarsInLog = 0;
		};
		EFAF7612639A1F006A3AB0F4 /* [CP] Embed Pods Frameworks */ = {
			isa = PBXShellScriptBuildPhase;
			buildActionMask = 2147483647;
			files = (
			);
			inputFileListPaths = (
				"${PODS_ROOT}/Target Support Files/Pods-smartConfig/Pods-smartConfig-frameworks-${CONFIGURATION}-input-files.xcfilelist",
			);
			name = "[CP] Embed Pods Frameworks";
			outputFileListPaths = (
				"${PODS_ROOT}/Target Support Files/Pods-smartConfig/Pods-smartConfig-frameworks-${CONFIGURATION}-output-files.xcfilelist",
			);
			runOnlyForDeploymentPostprocessing = 0;
			shellPath = /bin/sh;
			shellScript = "\"${PODS_ROOT}/Target Support Files/Pods-smartConfig/Pods-smartConfig-frameworks.sh\"\n";
			showEnvVarsInLog = 0;
		};
/* End PBXShellScriptBuildPhase section */

/* Begin PBXSourcesBuildPhase section */
		9841F6C9263A8644002B9443 /* Sources */ = {
			isa = PBXSourcesBuildPhase;
			buildActionMask = 2147483647;
			files = (
				9841F6FB263A8751002B9443 /* MutlicastWork.m in Sources */,
				9841F6F8263A8751002B9443 /* BroadcastWork.m in Sources */,
				9841F6FA263A8751002B9443 /* CastClient.m in Sources */,
				9841F6D8263A8644002B9443 /* ViewController.m in Sources */,
				9841F6D2263A8644002B9443 /* AppDelegate.m in Sources */,
				9841F6E3263A8647002B9443 /* main.m in Sources */,
				9841F6EE263A8728002B9443 /* UdpSocketManager.m in Sources */,
				9841F6D5263A8644002B9443 /* SceneDelegate.m in Sources */,
				9841F6FF263A875E002B9443 /* GNLocationWork.m in Sources */,
				9841F6F9263A8751002B9443 /* UnicastWork.m in Sources */,
			);
			runOnlyForDeploymentPostprocessing = 0;
		};
/* End PBXSourcesBuildPhase section */

/* Begin PBXVariantGroup section */
		9841F6D9263A8644002B9443 /* Main.storyboard */ = {
			isa = PBXVariantGroup;
			children = (
				9841F6DA263A8644002B9443 /* Base */,
			);
			name = Main.storyboard;
			sourceTree = "<group>";
		};
		9841F6DE263A8647002B9443 /* LaunchScreen.storyboard */ = {
			isa = PBXVariantGroup;
			children = (
				9841F6DF263A8647002B9443 /* Base */,
			);
			name = LaunchScreen.storyboard;
			sourceTree = "<group>";
		};
/* End PBXVariantGroup section */

/* Begin XCBuildConfiguration section */
		9841F6E4263A8647002B9443 /* Debug */ = {
			isa = XCBuildConfiguration;
			buildSettings = {
				ALWAYS_SEARCH_USER_PATHS = NO;
				CLANG_ANALYZER_NONNULL = YES;
				CLANG_ANALYZER_NUMBER_OBJECT_CONVERSION = YES_AGGRESSIVE;
				CLANG_CXX_LANGUAGE_STANDARD = "gnu++14";
				CLANG_CXX_LIBRARY = "libc++";
				CLANG_ENABLE_MODULES = YES;
				CLANG_ENABLE_OBJC_ARC = YES;
				CLANG_ENABLE_OBJC_WEAK = YES;
				CLANG_WARN_BLOCK_CAPTURE_AUTORELEASING = YES;
				CLANG_WARN_BOOL_CONVERSION = YES;
				CLANG_WARN_COMMA = YES;
				CLANG_WARN_CONSTANT_CONVERSION = YES;
				CLANG_WARN_DEPRECATED_OBJC_IMPLEMENTATIONS = YES;
				CLANG_WARN_DIRECT_OBJC_ISA_USAGE = YES_ERROR;
				CLANG_WARN_DOCUMENTATION_COMMENTS = YES;
				CLANG_WARN_EMPTY_BODY = YES;
				CLANG_WARN_ENUM_CONVERSION = YES;
				CLANG_WARN_INFINITE_RECURSION = YES;
				CLANG_WARN_INT_CONVERSION = YES;
				CLANG_WARN_NON_LITERAL_NULL_CONVERSION = YES;
				CLANG_WARN_OBJC_IMPLICIT_RETAIN_SELF = YES;
				CLANG_WARN_OBJC_LITERAL_CONVERSION = YES;
				CLANG_WARN_OBJC_ROOT_CLASS = YES_ERROR;
				CLANG_WARN_QUOTED_INCLUDE_IN_FRAMEWORK_HEADER = YES;
				CLANG_WARN_RANGE_LOOP_ANALYSIS = YES;
				CLANG_WARN_STRICT_PROTOTYPES = YES;
				CLANG_WARN_SUSPICIOUS_MOVE = YES;
				CLANG_WARN_UNGUARDED_AVAILABILITY = YES_AGGRESSIVE;
				CLANG_WARN_UNREACHABLE_CODE = YES;
				CLANG_WARN__DUPLICATE_METHOD_MATCH = YES;
				COPY_PHASE_STRIP = NO;
				DEBUG_INFORMATION_FORMAT = dwarf;
				ENABLE_STRICT_OBJC_MSGSEND = YES;
				ENABLE_TESTABILITY = YES;
				GCC_C_LANGUAGE_STANDARD = gnu11;
				GCC_DYNAMIC_NO_PIC = NO;
				GCC_NO_COMMON_BLOCKS = YES;
				GCC_OPTIMIZATION_LEVEL = 0;
				GCC_PREPROCESSOR_DEFINITIONS = (
					"DEBUG=1",
					"$(inherited)",
				);
				GCC_WARN_64_TO_32_BIT_CONVERSION = YES;
				GCC_WARN_ABOUT_RETURN_TYPE = YES_ERROR;
				GCC_WARN_UNDECLARED_SELECTOR = YES;
				GCC_WARN_UNINITIALIZED_AUTOS = YES_AGGRESSIVE;
				GCC_WARN_UNUSED_FUNCTION = YES;
				GCC_WARN_UNUSED_VARIABLE = YES;
				IPHONEOS_DEPLOYMENT_TARGET = 14.2;
				MTL_ENABLE_DEBUG_INFO = INCLUDE_SOURCE;
				MTL_FAST_MATH = YES;
				ONLY_ACTIVE_ARCH = YES;
				SDKROOT = iphoneos;
			};
			name = Debug;
		};
		9841F6E5263A8647002B9443 /* Release */ = {
			isa = XCBuildConfiguration;
			buildSettings = {
				ALWAYS_SEARCH_USER_PATHS = NO;
				CLANG_ANALYZER_NONNULL = YES;
				CLANG_ANALYZER_NUMBER_OBJECT_CONVERSION = YES_AGGRESSIVE;
				CLANG_CXX_LANGUAGE_STANDARD = "gnu++14";
				CLANG_CXX_LIBRARY = "libc++";
				CLANG_ENABLE_MODULES = YES;
				CLANG_ENABLE_OBJC_ARC = YES;
				CLANG_ENABLE_OBJC_WEAK = YES;
				CLANG_WARN_BLOCK_CAPTURE_AUTORELEASING = YES;
				CLANG_WARN_BOOL_CONVERSION = YES;
				CLANG_WARN_COMMA = YES;
				CLANG_WARN_CONSTANT_CONVERSION = YES;
				CLANG_WARN_DEPRECATED_OBJC_IMPLEMENTATIONS = YES;
				CLANG_WARN_DIRECT_OBJC_ISA_USAGE = YES_ERROR;
				CLANG_WARN_DOCUMENTATION_COMMENTS = YES;
				CLANG_WARN_EMPTY_BODY = YES;
				CLANG_WARN_ENUM_CONVERSION = YES;
				CLANG_WARN_INFINITE_RECURSION = YES;
				CLANG_WARN_INT_CONVERSION = YES;
				CLANG_WARN_NON_LITERAL_NULL_CONVERSION = YES;
				CLANG_WARN_OBJC_IMPLICIT_RETAIN_SELF = YES;
				CLANG_WARN_OBJC_LITERAL_CONVERSION = YES;
				CLANG_WARN_OBJC_ROOT_CLASS = YES_ERROR;
				CLANG_WARN_QUOTED_INCLUDE_IN_FRAMEWORK_HEADER = YES;
				CLANG_WARN_RANGE_LOOP_ANALYSIS = YES;
				CLANG_WARN_STRICT_PROTOTYPES = YES;
				CLANG_WARN_SUSPICIOUS_MOVE = YES;
				CLANG_WARN_UNGUARDED_AVAILABILITY = YES_AGGRESSIVE;
				CLANG_WARN_UNREACHABLE_CODE = YES;
				CLANG_WARN__DUPLICATE_METHOD_MATCH = YES;
				COPY_PHASE_STRIP = NO;
				DEBUG_INFORMATION_FORMAT = "dwarf-with-dsym";
				ENABLE_NS_ASSERTIONS = NO;
				ENABLE_STRICT_OBJC_MSGSEND = YES;
				GCC_C_LANGUAGE_STANDARD = gnu11;
				GCC_NO_COMMON_BLOCKS = YES;
				GCC_WARN_64_TO_32_BIT_CONVERSION = YES;
				GCC_WARN_ABOUT_RETURN_TYPE = YES_ERROR;
				GCC_WARN_UNDECLARED_SELECTOR = YES;
				GCC_WARN_UNINITIALIZED_AUTOS = YES_AGGRESSIVE;
				GCC_WARN_UNUSED_FUNCTION = YES;
				GCC_WARN_UNUSED_VARIABLE = YES;
				IPHONEOS_DEPLOYMENT_TARGET = 14.2;
				MTL_ENABLE_DEBUG_INFO = NO;
				MTL_FAST_MATH = YES;
				SDKROOT = iphoneos;
				VALIDATE_PRODUCT = YES;
			};
			name = Release;
		};
		9841F6E7263A8647002B9443 /* Debug */ = {
			isa = XCBuildConfiguration;
			baseConfigurationReference = B4477273A4E1FD1C8204A2BA /* Pods-smartConfig.debug.xcconfig */;
			buildSettings = {
				ASSETCATALOG_COMPILER_APPICON_NAME = AppIcon;
				ASSETCATALOG_COMPILER_GLOBAL_ACCENT_COLOR_NAME = AccentColor;
				CODE_SIGN_ENTITLEMENTS = smartConfig/smartConfig.entitlements;
				CODE_SIGN_STYLE = Automatic;
				DEVELOPMENT_TEAM = WW369W9G65;
				INFOPLIST_FILE = smartConfig/Info.plist;
				IPHONEOS_DEPLOYMENT_TARGET = 13.0;
				LD_RUNPATH_SEARCH_PATHS = (
					"$(inherited)",
					"@executable_path/Frameworks",
				);
				PRODUCT_BUNDLE_IDENTIFIER = com.gongniu.smartConfig;
				PRODUCT_NAME = "$(TARGET_NAME)";
				TARGETED_DEVICE_FAMILY = "1,2";
			};
			name = Debug;
		};
		9841F6E8263A8647002B9443 /* Release */ = {
			isa = XCBuildConfiguration;
			baseConfigurationReference = 40BCAB1B52129ACE5DAC3ED5 /* Pods-smartConfig.release.xcconfig */;
			buildSettings = {
				ASSETCATALOG_COMPILER_APPICON_NAME = AppIcon;
				ASSETCATALOG_COMPILER_GLOBAL_ACCENT_COLOR_NAME = AccentColor;
				CODE_SIGN_ENTITLEMENTS = smartConfig/smartConfig.entitlements;
				CODE_SIGN_STYLE = Automatic;
				DEVELOPMENT_TEAM = WW369W9G65;
				INFOPLIST_FILE = smartConfig/Info.plist;
				IPHONEOS_DEPLOYMENT_TARGET = 13.0;
				LD_RUNPATH_SEARCH_PATHS = (
					"$(inherited)",
					"@executable_path/Frameworks",
				);
				PRODUCT_BUNDLE_IDENTIFIER = com.gongniu.smartConfig;
				PRODUCT_NAME = "$(TARGET_NAME)";
				TARGETED_DEVICE_FAMILY = "1,2";
			};
			name = Release;
		};
/* End XCBuildConfiguration section */

/* Begin XCConfigurationList section */
		9841F6C8263A8644002B9443 /* Build configuration list for PBXProject "smartConfig" */ = {
			isa = XCConfigurationList;
			buildConfigurations = (
				9841F6E4263A8647002B9443 /* Debug */,
				9841F6E5263A8647002B9443 /* Release */,
			);
			defaultConfigurationIsVisible = 0;
			defaultConfigurationName = Release;
		};
		9841F6E6263A8647002B9443 /* Build configuration list for PBXNativeTarget "smartConfig" */ = {
			isa = XCConfigurationList;
			buildConfigurations = (
				9841F6E7263A8647002B9443 /* Debug */,
				9841F6E8263A8647002B9443 /* Release */,
			);
			defaultConfigurationIsVisible = 0;
			defaultConfigurationName = Release;
		};
/* End XCConfigurationList section */
	};
	rootObject = 9841F6C5263A8644002B9443 /* Project object */;
}
